
Microsoft Visual Studio Solution File, Format Version 12.00
# Visual Studio Version 17
VisualStudioVersion = 17.1.32421.90
MinimumVisualStudioVersion = 10.0.40219.1
Project("{9A19103F-16F7-4668-BE54-9A1E7A4F7556}") = "CJRWave", "CJRWave\CJRWave.csproj", "{9604AF2F-83CB-477B-9A49-D6F16B91237D}"
EndProject
Project("{FAE04EC0-301F-11D3-BF4B-00C04F79EFBC}") = "BufferUtilities", "..\..\BufferUtilities\BufferUtilities.csproj", "{D10FED36-7FBA-48B4-9C3F-305680AC25AE}"
EndProject
Project("{FAE04EC0-301F-11D3-BF4B-00C04F79EFBC}") = "Sound.Core", "Sound.Core\Sound.Core.csproj", "{1486C2F0-4C8B-4511-A7F2-CC9501D3BC47}"
EndProject
Global
	GlobalSection(SolutionConfigurationPlatforms) = preSolution
		Debug|Any CPU = Debug|Any CPU
		Release|Any CPU = Release|Any CPU
	EndGlobalSection
	GlobalSection(ProjectConfigurationPlatforms) = postSolution
		{9604AF2F-83CB-477B-9A49-D6F16B91237D}.Debug|Any CPU.ActiveCfg = Debug|Any CPU
		{9604AF2F-83CB-477B-9A49-D6F16B91237D}.Debug|Any CPU.Build.0 = Debug|Any CPU
		{9604AF2F-83CB-477B-9A49-D6F16B91237D}.Release|Any CPU.ActiveCfg = Release|Any CPU
		{9604AF2F-83CB-477B-9A49-D6F16B91237D}.Release|Any CPU.Build.0 = Release|Any CPU
		{D10FED36-7FBA-48B4-9C3F-305680AC25AE}.Debug|Any CPU.ActiveCfg = Debug|Any CPU
		{D10FED36-7FBA-48B4-9C3F-305680AC25AE}.Debug|Any CPU.Build.0 = Debug|Any CPU
		{D10FED36-7FBA-48B4-9C3F-305680AC25AE}.Release|Any CPU.ActiveCfg = Release|Any CPU
		{D10FED36-7FBA-48B4-9C3F-305680AC25AE}.Release|Any CPU.Build.0 = Release|Any CPU
		{1486C2F0-4C8B-4511-A7F2-CC9501D3BC47}.Debug|Any CPU.ActiveCfg = Debug|Any CPU
		{1486C2F0-4C8B-4511-A7F2-CC9501D3BC47}.Debug|Any CPU.Build.0 = Debug|Any CPU
		{1486C2F0-4C8B-4511-A7F2-CC9501D3BC47}.Release|Any CPU.ActiveCfg = Release|Any CPU
		{1486C2F0-4C8B-4511-A7F2-CC9501D3BC47}.Release|Any CPU.Build.0 = Release|Any CPU
	EndGlobalSection
	GlobalSection(SolutionProperties) = preSolution
		HideSolutionNode = FALSE
	EndGlobalSection
	GlobalSection(ExtensibilityGlobals) = postSolution
		SolutionGuid = {116717C4-577F-4595-95CD-D1C9CB8F0490}
	EndGlobalSection
EndGlobal
